
Microsoft Visual Studio Solution File, Format Version 12.00
# Visual Studio 14
VisualStudioVersion = 14.0.24720.0
MinimumVisualStudioVersion = 10.0.40219.1
Project("{FAE04EC0-301F-11D3-BF4B-00C04F79EFBC}") = "Driver", "Driver\Driver.csproj", "{AF6714B0-050A-4A3F-9075-09B286FAE20A}"
EndProject
Project("{FAE04EC0-301F-11D3-BF4B-00C04F79EFBC}") = "Shared", "Shared\Shared.csproj", "{757A2AE4-0445-4145-B776-A475688C4439}"
EndProject
Project("{FAE04EC0-301F-11D3-BF4B-00C04F79EFBC}") = "Blob", "Blob\Blob.csproj", "{80C0EB71-31A2-4A1E-86F5-11F99E1CA246}"
EndProject
Project("{FAE04EC0-301F-11D3-BF4B-00C04F79EFBC}") = "TableStorage", "TableStorage\TableStorage.csproj", "{3C52E75D-6093-4BC9-A4FA-FD5E65026FCC}"
EndProject
Project("{FAE04EC0-301F-11D3-BF4B-00C04F79EFBC}") = "SqlServerDb", "SqlServerDb\SqlServerDb.csproj", "{69929BBE-0BA5-425E-9385-DA8A9A226380}"
EndProject
Project("{FAE04EC0-301F-11D3-BF4B-00C04F79EFBC}") = "DocumentDatabase", "DocumentDatabase\DocumentDatabase.csproj", "{E5C5BE99-495F-4C96-A8E4-859BA9D452A8}"
EndProject
Project("{FAE04EC0-301F-11D3-BF4B-00C04F79EFBC}") = "EventHub", "EventHub\EventHub.csproj", "{276F85C1-0E51-4802-AFDA-00C2EB10F96E}"
EndProject
Project("{FAE04EC0-301F-11D3-BF4B-00C04F79EFBC}") = "DynamoDb", "DynamoDb\DynamoDb.csproj", "{0FFDCA0F-128B-44A1-816D-0E8588CCB389}"
EndProject
Project("{FAE04EC0-301F-11D3-BF4B-00C04F79EFBC}") = "S3", "S3\S3.csproj", "{98B5D0F3-614A-4B95-AA5A-5309E0FDE95D}"
EndProject
Global
	GlobalSection(SolutionConfigurationPlatforms) = preSolution
		Debug|Any CPU = Debug|Any CPU
		Release|Any CPU = Release|Any CPU
	EndGlobalSection
	GlobalSection(ProjectConfigurationPlatforms) = postSolution
		{AF6714B0-050A-4A3F-9075-09B286FAE20A}.Debug|Any CPU.ActiveCfg = Debug|Any CPU
		{AF6714B0-050A-4A3F-9075-09B286FAE20A}.Debug|Any CPU.Build.0 = Debug|Any CPU
		{AF6714B0-050A-4A3F-9075-09B286FAE20A}.Release|Any CPU.ActiveCfg = Release|Any CPU
		{AF6714B0-050A-4A3F-9075-09B286FAE20A}.Release|Any CPU.Build.0 = Release|Any CPU
		{757A2AE4-0445-4145-B776-A475688C4439}.Debug|Any CPU.ActiveCfg = Debug|Any CPU
		{757A2AE4-0445-4145-B776-A475688C4439}.Debug|Any CPU.Build.0 = Debug|Any CPU
		{757A2AE4-0445-4145-B776-A475688C4439}.Release|Any CPU.ActiveCfg = Release|Any CPU
		{757A2AE4-0445-4145-B776-A475688C4439}.Release|Any CPU.Build.0 = Release|Any CPU
		{80C0EB71-31A2-4A1E-86F5-11F99E1CA246}.Debug|Any CPU.ActiveCfg = Debug|Any CPU
		{80C0EB71-31A2-4A1E-86F5-11F99E1CA246}.Debug|Any CPU.Build.0 = Debug|Any CPU
		{80C0EB71-31A2-4A1E-86F5-11F99E1CA246}.Release|Any CPU.ActiveCfg = Release|Any CPU
		{80C0EB71-31A2-4A1E-86F5-11F99E1CA246}.Release|Any CPU.Build.0 = Release|Any CPU
		{3C52E75D-6093-4BC9-A4FA-FD5E65026FCC}.Debug|Any CPU.ActiveCfg = Debug|Any CPU
		{3C52E75D-6093-4BC9-A4FA-FD5E65026FCC}.Debug|Any CPU.Build.0 = Debug|Any CPU
		{3C52E75D-6093-4BC9-A4FA-FD5E65026FCC}.Release|Any CPU.ActiveCfg = Release|Any CPU
		{3C52E75D-6093-4BC9-A4FA-FD5E65026FCC}.Release|Any CPU.Build.0 = Release|Any CPU
		{69929BBE-0BA5-425E-9385-DA8A9A226380}.Debug|Any CPU.ActiveCfg = Debug|Any CPU
		{69929BBE-0BA5-425E-9385-DA8A9A226380}.Debug|Any CPU.Build.0 = Debug|Any CPU
		{69929BBE-0BA5-425E-9385-DA8A9A226380}.Release|Any CPU.ActiveCfg = Release|Any CPU
		{69929BBE-0BA5-425E-9385-DA8A9A226380}.Release|Any CPU.Build.0 = Release|Any CPU
		{E5C5BE99-495F-4C96-A8E4-859BA9D452A8}.Debug|Any CPU.ActiveCfg = Debug|Any CPU
		{E5C5BE99-495F-4C96-A8E4-859BA9D452A8}.Debug|Any CPU.Build.0 = Debug|Any CPU
		{E5C5BE99-495F-4C96-A8E4-859BA9D452A8}.Release|Any CPU.ActiveCfg = Release|Any CPU
		{E5C5BE99-495F-4C96-A8E4-859BA9D452A8}.Release|Any CPU.Build.0 = Release|Any CPU
		{276F85C1-0E51-4802-AFDA-00C2EB10F96E}.Debug|Any CPU.ActiveCfg = Debug|Any CPU
		{276F85C1-0E51-4802-AFDA-00C2EB10F96E}.Debug|Any CPU.Build.0 = Debug|Any CPU
		{276F85C1-0E51-4802-AFDA-00C2EB10F96E}.Release|Any CPU.ActiveCfg = Release|Any CPU
		{276F85C1-0E51-4802-AFDA-00C2EB10F96E}.Release|Any CPU.Build.0 = Release|Any CPU
		{0FFDCA0F-128B-44A1-816D-0E8588CCB389}.Debug|Any CPU.ActiveCfg = Debug|Any CPU
		{0FFDCA0F-128B-44A1-816D-0E8588CCB389}.Debug|Any CPU.Build.0 = Debug|Any CPU
		{0FFDCA0F-128B-44A1-816D-0E8588CCB389}.Release|Any CPU.ActiveCfg = Release|Any CPU
		{0FFDCA0F-128B-44A1-816D-0E8588CCB389}.Release|Any CPU.Build.0 = Release|Any CPU
		{98B5D0F3-614A-4B95-AA5A-5309E0FDE95D}.Debug|Any CPU.ActiveCfg = Debug|Any CPU
		{98B5D0F3-614A-4B95-AA5A-5309E0FDE95D}.Debug|Any CPU.Build.0 = Debug|Any CPU
		{98B5D0F3-614A-4B95-AA5A-5309E0FDE95D}.Release|Any CPU.ActiveCfg = Release|Any CPU
		{98B5D0F3-614A-4B95-AA5A-5309E0FDE95D}.Release|Any CPU.Build.0 = Release|Any CPU
	EndGlobalSection
	GlobalSection(SolutionProperties) = preSolution
		HideSolutionNode = FALSE
	EndGlobalSection
EndGlobal
